{
  "name": "karabiner-config",
  "version": "0.0.0",
  "lockfileVersion": 1,
  "requires": true,
  "dependencies": {
    "karabiner-config-to-markdown": {
      "version": "0.1.0",
      "resolved": "https://registry.npmjs.org/karabiner-config-to-markdown/-/karabiner-config-to-markdown-0.1.0.tgz",
      "integrity": "sha512-COAZ1jz4/W5HMbX/ptWadH+Wdt8AQgnX63JU6T2qMDe2AwM971QpfgHnnjixqoIZLxa2jKJ8m28bpdP3phCZnw==",
      "requires": {
        "qwerty-to-colemak": "^0.1.0"
      }
    },
    "qwerty-to-colemak": {
      "version": "0.1.0",
      "resolved": "https://registry.npmjs.org/qwerty-to-colemak/-/qwerty-to-colemak-0.1.0.tgz",
      "integrity": "sha512-/CJHeiTjR9XEkI43YcXkUZK3jejKi4bBIxC8IECjzCMpoZ+TJa3HAPZqw/bCLuh/C8gz6xM0bQzCj2CMSDFasA=="
    }
  }
}
